// !$*UTF8*$!
{
	archiveVersion = 1;
	classes = {
	};
	objectVersion = 56;
	objects = {

/* Begin PBXBuildFile section */
		7AFE518B2C5912250073B81B /* solarys_codetestApp.swift in Sources */ = {isa = PBXBuildFile; fileRef = 7AFE518A2C5912250073B81B /* solarys_codetestApp.swift */; };
		7AFE518D2C5912250073B81B /* MainView.swift in Sources */ = {isa = PBXBuildFile; fileRef = 7AFE518C2C5912250073B81B /* MainView.swift */; };
		7AFE518F2C5912270073B81B /* Assets.xcassets in Resources */ = {isa = PBXBuildFile; fileRef = 7AFE518E2C5912270073B81B /* Assets.xcassets */; };
		7AFE51922C5912270073B81B /* Preview Assets.xcassets in Resources */ = {isa = PBXBuildFile; fileRef = 7AFE51912C5912270073B81B /* Preview Assets.xcassets */; };
		7AFE519C2C5912270073B81B /* solarys_codetestTests.swift in Sources */ = {isa = PBXBuildFile; fileRef = 7AFE519B2C5912270073B81B /* solarys_codetestTests.swift */; };
		7AFE51A62C5912270073B81B /* solarys_codetestUITests.swift in Sources */ = {isa = PBXBuildFile; fileRef = 7AFE51A52C5912270073B81B /* solarys_codetestUITests.swift */; };
		7AFE51A82C5912270073B81B /* solarys_codetestUITestsLaunchTests.swift in Sources */ = {isa = PBXBuildFile; fileRef = 7AFE51A72C5912270073B81B /* solarys_codetestUITestsLaunchTests.swift */; };
		7AFE51B72C5922650073B81B /* DictionaryAPI.swift in Sources */ = {isa = PBXBuildFile; fileRef = 7AFE51B62C5922650073B81B /* DictionaryAPI.swift */; };
		7AFE51BA2C59265A0073B81B /* Phonetic.swift in Sources */ = {isa = PBXBuildFile; fileRef = 7AFE51B92C59265A0073B81B /* Phonetic.swift */; };
		7AFE51BD2C5926B90073B81B /* RealmSwift in Frameworks */ = {isa = PBXBuildFile; productRef = 7AFE51BC2C5926B90073B81B /* RealmSwift */; };
		7AFE51BE2C5926B90073B81B /* RealmSwift in Embed Frameworks */ = {isa = PBXBuildFile; productRef = 7AFE51BC2C5926B90073B81B /* RealmSwift */; settings = {ATTRIBUTES = (CodeSignOnCopy, ); }; };
		7AFE51C12C5926C70073B81B /* Moya in Frameworks */ = {isa = PBXBuildFile; productRef = 7AFE51C02C5926C70073B81B /* Moya */; };
		7AFE51C32C59272A0073B81B /* WordDetail.swift in Sources */ = {isa = PBXBuildFile; fileRef = 7AFE51C22C59272A0073B81B /* WordDetail.swift */; };
		7AFE51C52C5927A00073B81B /* DictionaryService.swift in Sources */ = {isa = PBXBuildFile; fileRef = 7AFE51C42C5927A00073B81B /* DictionaryService.swift */; };
		7AFE51C82C592B780073B81B /* DetailView.swift in Sources */ = {isa = PBXBuildFile; fileRef = 7AFE51C72C592B780073B81B /* DetailView.swift */; };
		7AFE51CB2C5A4D850073B81B /* Meaning.swift in Sources */ = {isa = PBXBuildFile; fileRef = 7AFE51CA2C5A4D850073B81B /* Meaning.swift */; };
		7AFE51CD2C5A4DC70073B81B /* Definition.swift in Sources */ = {isa = PBXBuildFile; fileRef = 7AFE51CC2C5A4DC70073B81B /* Definition.swift */; };
		7AFE51D32C5C49C40073B81B /* MainViewModel.swift in Sources */ = {isa = PBXBuildFile; fileRef = 7AFE51D22C5C49C40073B81B /* MainViewModel.swift */; };
		7AFE51D62C5C4AA90073B81B /* DetailViewModel.swift in Sources */ = {isa = PBXBuildFile; fileRef = 7AFE51D52C5C4AA90073B81B /* DetailViewModel.swift */; };
/* End PBXBuildFile section */

/* Begin PBXContainerItemProxy section */
		7AFE51982C5912270073B81B /* PBXContainerItemProxy */ = {
			isa = PBXContainerItemProxy;
			containerPortal = 7AFE517F2C5912250073B81B /* Project object */;
			proxyType = 1;
			remoteGlobalIDString = 7AFE51862C5912250073B81B;
			remoteInfo = "solarys-codetest";
		};
		7AFE51A22C5912270073B81B /* PBXContainerItemProxy */ = {
			isa = PBXContainerItemProxy;
			containerPortal = 7AFE517F2C5912250073B81B /* Project object */;
			proxyType = 1;
			remoteGlobalIDString = 7AFE51862C5912250073B81B;
			remoteInfo = "solarys-codetest";
		};
/* End PBXContainerItemProxy section */

/* Begin PBXCopyFilesBuildPhase section */
		7AFE51BF2C5926BA0073B81B /* Embed Frameworks */ = {
			isa = PBXCopyFilesBuildPhase;
			buildActionMask = 2147483647;
			dstPath = "";
			dstSubfolderSpec = 10;
			files = (
				7AFE51BE2C5926B90073B81B /* RealmSwift in Embed Frameworks */,
			);
			name = "Embed Frameworks";
			runOnlyForDeploymentPostprocessing = 0;
		};
/* End PBXCopyFilesBuildPhase section */

/* Begin PBXFileReference section */
		7AFE51872C5912250073B81B /* solarys-codetest.app */ = {isa = PBXFileReference; explicitFileType = wrapper.application; includeInIndex = 0; path = "solarys-codetest.app"; sourceTree = BUILT_PRODUCTS_DIR; };
		7AFE518A2C5912250073B81B /* solarys_codetestApp.swift */ = {isa = PBXFileReference; lastKnownFileType = sourcecode.swift; path = solarys_codetestApp.swift; sourceTree = "<group>"; };
		7AFE518C2C5912250073B81B /* MainView.swift */ = {isa = PBXFileReference; lastKnownFileType = sourcecode.swift; path = MainView.swift; sourceTree = "<group>"; };
		7AFE518E2C5912270073B81B /* Assets.xcassets */ = {isa = PBXFileReference; lastKnownFileType = folder.assetcatalog; path = Assets.xcassets; sourceTree = "<group>"; };
		7AFE51912C5912270073B81B /* Preview Assets.xcassets */ = {isa = PBXFileReference; lastKnownFileType = folder.assetcatalog; path = "Preview Assets.xcassets"; sourceTree = "<group>"; };
		7AFE51972C5912270073B81B /* solarys-codetestTests.xctest */ = {isa = PBXFileReference; explicitFileType = wrapper.cfbundle; includeInIndex = 0; path = "solarys-codetestTests.xctest"; sourceTree = BUILT_PRODUCTS_DIR; };
		7AFE519B2C5912270073B81B /* solarys_codetestTests.swift */ = {isa = PBXFileReference; lastKnownFileType = sourcecode.swift; path = solarys_codetestTests.swift; sourceTree = "<group>"; };
		7AFE51A12C5912270073B81B /* solarys-codetestUITests.xctest */ = {isa = PBXFileReference; explicitFileType = wrapper.cfbundle; includeInIndex = 0; path = "solarys-codetestUITests.xctest"; sourceTree = BUILT_PRODUCTS_DIR; };
		7AFE51A52C5912270073B81B /* solarys_codetestUITests.swift */ = {isa = PBXFileReference; lastKnownFileType = sourcecode.swift; path = solarys_codetestUITests.swift; sourceTree = "<group>"; };
		7AFE51A72C5912270073B81B /* solarys_codetestUITestsLaunchTests.swift */ = {isa = PBXFileReference; lastKnownFileType = sourcecode.swift; path = solarys_codetestUITestsLaunchTests.swift; sourceTree = "<group>"; };
		7AFE51B62C5922650073B81B /* DictionaryAPI.swift */ = {isa = PBXFileReference; lastKnownFileType = sourcecode.swift; path = DictionaryAPI.swift; sourceTree = "<group>"; };
		7AFE51B92C59265A0073B81B /* Phonetic.swift */ = {isa = PBXFileReference; lastKnownFileType = sourcecode.swift; path = Phonetic.swift; sourceTree = "<group>"; };
		7AFE51C22C59272A0073B81B /* WordDetail.swift */ = {isa = PBXFileReference; lastKnownFileType = sourcecode.swift; path = WordDetail.swift; sourceTree = "<group>"; };
		7AFE51C42C5927A00073B81B /* DictionaryService.swift */ = {isa = PBXFileReference; lastKnownFileType = sourcecode.swift; path = DictionaryService.swift; sourceTree = "<group>"; };
		7AFE51C72C592B780073B81B /* DetailView.swift */ = {isa = PBXFileReference; lastKnownFileType = sourcecode.swift; path = DetailView.swift; sourceTree = "<group>"; };
		7AFE51C92C5938140073B81B /* Info.plist */ = {isa = PBXFileReference; lastKnownFileType = text.plist; path = Info.plist; sourceTree = "<group>"; };
		7AFE51CA2C5A4D850073B81B /* Meaning.swift */ = {isa = PBXFileReference; lastKnownFileType = sourcecode.swift; path = Meaning.swift; sourceTree = "<group>"; };
		7AFE51CC2C5A4DC70073B81B /* Definition.swift */ = {isa = PBXFileReference; lastKnownFileType = sourcecode.swift; path = Definition.swift; sourceTree = "<group>"; };
		7AFE51D22C5C49C40073B81B /* MainViewModel.swift */ = {isa = PBXFileReference; lastKnownFileType = sourcecode.swift; path = MainViewModel.swift; sourceTree = "<group>"; };
		7AFE51D52C5C4AA90073B81B /* DetailViewModel.swift */ = {isa = PBXFileReference; lastKnownFileType = sourcecode.swift; path = DetailViewModel.swift; sourceTree = "<group>"; };
/* End PBXFileReference section */

/* Begin PBXFrameworksBuildPhase section */
		7AFE51842C5912250073B81B /* Frameworks */ = {
			isa = PBXFrameworksBuildPhase;
			buildActionMask = 2147483647;
			files = (
				7AFE51C12C5926C70073B81B /* Moya in Frameworks */,
				7AFE51BD2C5926B90073B81B /* RealmSwift in Frameworks */,
			);
			runOnlyForDeploymentPostprocessing = 0;
		};
		7AFE51942C5912270073B81B /* Frameworks */ = {
			isa = PBXFrameworksBuildPhase;
			buildActionMask = 2147483647;
			files = (
			);
			runOnlyForDeploymentPostprocessing = 0;
		};
		7AFE519E2C5912270073B81B /* Frameworks */ = {
			isa = PBXFrameworksBuildPhase;
			buildActionMask = 2147483647;
			files = (
			);
			runOnlyForDeploymentPostprocessing = 0;
		};
/* End PBXFrameworksBuildPhase section */

/* Begin PBXGroup section */
		7AFE517E2C5912250073B81B = {
			isa = PBXGroup;
			children = (
				7AFE51892C5912250073B81B /* solarys-codetest */,
				7AFE519A2C5912270073B81B /* solarys-codetestTests */,
				7AFE51A42C5912270073B81B /* solarys-codetestUITests */,
				7AFE51882C5912250073B81B /* Products */,
				7AFE51BB2C5926B90073B81B /* Frameworks */,
			);
			sourceTree = "<group>";
		};
		7AFE51882C5912250073B81B /* Products */ = {
			isa = PBXGroup;
			children = (
				7AFE51872C5912250073B81B /* solarys-codetest.app */,
				7AFE51972C5912270073B81B /* solarys-codetestTests.xctest */,
				7AFE51A12C5912270073B81B /* solarys-codetestUITests.xctest */,
			);
			name = Products;
			sourceTree = "<group>";
		};
		7AFE51892C5912250073B81B /* solarys-codetest */ = {
			isa = PBXGroup;
			children = (
				7AFE51D42C5C4A400073B81B /* DetailView */,
				7AFE51D12C5C49750073B81B /* MainView */,
				7AFE51C92C5938140073B81B /* Info.plist */,
				7AFE51C62C5927F30073B81B /* Networking */,
				7AFE51B82C5925C40073B81B /* Models */,
				7AFE518A2C5912250073B81B /* solarys_codetestApp.swift */,
				7AFE518E2C5912270073B81B /* Assets.xcassets */,
				7AFE51902C5912270073B81B /* Preview Content */,
			);
			path = "solarys-codetest";
			sourceTree = "<group>";
		};
		7AFE51902C5912270073B81B /* Preview Content */ = {
			isa = PBXGroup;
			children = (
				7AFE51912C5912270073B81B /* Preview Assets.xcassets */,
			);
			path = "Preview Content";
			sourceTree = "<group>";
		};
		7AFE519A2C5912270073B81B /* solarys-codetestTests */ = {
			isa = PBXGroup;
			children = (
				7AFE519B2C5912270073B81B /* solarys_codetestTests.swift */,
			);
			path = "solarys-codetestTests";
			sourceTree = "<group>";
		};
		7AFE51A42C5912270073B81B /* solarys-codetestUITests */ = {
			isa = PBXGroup;
			children = (
				7AFE51A52C5912270073B81B /* solarys_codetestUITests.swift */,
				7AFE51A72C5912270073B81B /* solarys_codetestUITestsLaunchTests.swift */,
			);
			path = "solarys-codetestUITests";
			sourceTree = "<group>";
		};
		7AFE51B82C5925C40073B81B /* Models */ = {
			isa = PBXGroup;
			children = (
				7AFE51B92C59265A0073B81B /* Phonetic.swift */,
				7AFE51C22C59272A0073B81B /* WordDetail.swift */,
				7AFE51CA2C5A4D850073B81B /* Meaning.swift */,
				7AFE51CC2C5A4DC70073B81B /* Definition.swift */,
			);
			path = Models;
			sourceTree = "<group>";
		};
		7AFE51BB2C5926B90073B81B /* Frameworks */ = {
			isa = PBXGroup;
			children = (
			);
			name = Frameworks;
			sourceTree = "<group>";
		};
		7AFE51C62C5927F30073B81B /* Networking */ = {
			isa = PBXGroup;
			children = (
				7AFE51C42C5927A00073B81B /* DictionaryService.swift */,
				7AFE51B62C5922650073B81B /* DictionaryAPI.swift */,
			);
			path = Networking;
			sourceTree = "<group>";
		};
		7AFE51D12C5C49750073B81B /* MainView */ = {
			isa = PBXGroup;
			children = (
				7AFE518C2C5912250073B81B /* MainView.swift */,
				7AFE51D22C5C49C40073B81B /* MainViewModel.swift */,
			);
			path = MainView;
			sourceTree = "<group>";
		};
		7AFE51D42C5C4A400073B81B /* DetailView */ = {
			isa = PBXGroup;
			children = (
				7AFE51C72C592B780073B81B /* DetailView.swift */,
				7AFE51D52C5C4AA90073B81B /* DetailViewModel.swift */,
			);
			path = DetailView;
			sourceTree = "<group>";
		};
/* End PBXGroup section */

/* Begin PBXNativeTarget section */
		7AFE51862C5912250073B81B /* solarys-codetest */ = {
			isa = PBXNativeTarget;
			buildConfigurationList = 7AFE51AB2C5912270073B81B /* Build configuration list for PBXNativeTarget "solarys-codetest" */;
			buildPhases = (
				7AFE51832C5912250073B81B /* Sources */,
				7AFE51842C5912250073B81B /* Frameworks */,
				7AFE51852C5912250073B81B /* Resources */,
				7AFE51BF2C5926BA0073B81B /* Embed Frameworks */,
			);
			buildRules = (
			);
			dependencies = (
			);
			name = "solarys-codetest";
			packageProductDependencies = (
				7AFE51BC2C5926B90073B81B /* RealmSwift */,
				7AFE51C02C5926C70073B81B /* Moya */,
			);
			productName = "solarys-codetest";
			productReference = 7AFE51872C5912250073B81B /* solarys-codetest.app */;
			productType = "com.apple.product-type.application";
		};
		7AFE51962C5912270073B81B /* solarys-codetestTests */ = {
			isa = PBXNativeTarget;
			buildConfigurationList = 7AFE51AE2C5912270073B81B /* Build configuration list for PBXNativeTarget "solarys-codetestTests" */;
			buildPhases = (
				7AFE51932C5912270073B81B /* Sources */,
				7AFE51942C5912270073B81B /* Frameworks */,
				7AFE51952C5912270073B81B /* Resources */,
			);
			buildRules = (
			);
			dependencies = (
				7AFE51992C5912270073B81B /* PBXTargetDependency */,
			);
			name = "solarys-codetestTests";
			productName = "solarys-codetestTests";
			productReference = 7AFE51972C5912270073B81B /* solarys-codetestTests.xctest */;
			productType = "com.apple.product-type.bundle.unit-test";
		};
		7AFE51A02C5912270073B81B /* solarys-codetestUITests */ = {
			isa = PBXNativeTarget;
			buildConfigurationList = 7AFE51B12C5912270073B81B /* Build configuration list for PBXNativeTarget "solarys-codetestUITests" */;
			buildPhases = (
				7AFE519D2C5912270073B81B /* Sources */,
				7AFE519E2C5912270073B81B /* Frameworks */,
				7AFE519F2C5912270073B81B /* Resources */,
			);
			buildRules = (
			);
			dependencies = (
				7AFE51A32C5912270073B81B /* PBXTargetDependency */,
			);
			name = "solarys-codetestUITests";
			productName = "solarys-codetestUITests";
			productReference = 7AFE51A12C5912270073B81B /* solarys-codetestUITests.xctest */;
			productType = "com.apple.product-type.bundle.ui-testing";
		};
/* End PBXNativeTarget section */

/* Begin PBXProject section */
		7AFE517F2C5912250073B81B /* Project object */ = {
			isa = PBXProject;
			attributes = {
				BuildIndependentTargetsInParallel = 1;
				LastSwiftUpdateCheck = 1520;
				LastUpgradeCheck = 1520;
				TargetAttributes = {
					7AFE51862C5912250073B81B = {
						CreatedOnToolsVersion = 15.2;
					};
					7AFE51962C5912270073B81B = {
						CreatedOnToolsVersion = 15.2;
						TestTargetID = 7AFE51862C5912250073B81B;
					};
					7AFE51A02C5912270073B81B = {
						CreatedOnToolsVersion = 15.2;
						TestTargetID = 7AFE51862C5912250073B81B;
					};
				};
			};
			buildConfigurationList = 7AFE51822C5912250073B81B /* Build configuration list for PBXProject "solarys-codetest" */;
			compatibilityVersion = "Xcode 14.0";
			developmentRegion = en;
			hasScannedForEncodings = 0;
			knownRegions = (
				en,
				Base,
			);
			mainGroup = 7AFE517E2C5912250073B81B;
			packageReferences = (
				7AFE51B42C59175E0073B81B /* XCRemoteSwiftPackageReference "Moya" */,
				7AFE51B52C591A220073B81B /* XCRemoteSwiftPackageReference "realm-swift" */,
			);
			productRefGroup = 7AFE51882C5912250073B81B /* Products */;
			projectDirPath = "";
			projectRoot = "";
			targets = (
				7AFE51862C5912250073B81B /* solarys-codetest */,
				7AFE51962C5912270073B81B /* solarys-codetestTests */,
				7AFE51A02C5912270073B81B /* solarys-codetestUITests */,
			);
		};
/* End PBXProject section */

/* Begin PBXResourcesBuildPhase section */
		7AFE51852C5912250073B81B /* Resources */ = {
			isa = PBXResourcesBuildPhase;
			buildActionMask = 2147483647;
			files = (
				7AFE51922C5912270073B81B /* Preview Assets.xcassets in Resources */,
				7AFE518F2C5912270073B81B /* Assets.xcassets in Resources */,
			);
			runOnlyForDeploymentPostprocessing = 0;
		};
		7AFE51952C5912270073B81B /* Resources */ = {
			isa = PBXResourcesBuildPhase;
			buildActionMask = 2147483647;
			files = (
			);
			runOnlyForDeploymentPostprocessing = 0;
		};
		7AFE519F2C5912270073B81B /* Resources */ = {
			isa = PBXResourcesBuildPhase;
			buildActionMask = 2147483647;
			files = (
			);
			runOnlyForDeploymentPostprocessing = 0;
		};
/* End PBXResourcesBuildPhase section */

/* Begin PBXSourcesBuildPhase section */
		7AFE51832C5912250073B81B /* Sources */ = {
			isa = PBXSourcesBuildPhase;
			buildActionMask = 2147483647;
			files = (
				7AFE51C32C59272A0073B81B /* WordDetail.swift in Sources */,
				7AFE51CD2C5A4DC70073B81B /* Definition.swift in Sources */,
				7AFE518D2C5912250073B81B /* MainView.swift in Sources */,
				7AFE518B2C5912250073B81B /* solarys_codetestApp.swift in Sources */,
				7AFE51C82C592B780073B81B /* DetailView.swift in Sources */,
				7AFE51B72C5922650073B81B /* DictionaryAPI.swift in Sources */,
				7AFE51BA2C59265A0073B81B /* Phonetic.swift in Sources */,
				7AFE51D62C5C4AA90073B81B /* DetailViewModel.swift in Sources */,
				7AFE51C52C5927A00073B81B /* DictionaryService.swift in Sources */,
				7AFE51CB2C5A4D850073B81B /* Meaning.swift in Sources */,
				7AFE51D32C5C49C40073B81B /* MainViewModel.swift in Sources */,
			);
			runOnlyForDeploymentPostprocessing = 0;
		};
		7AFE51932C5912270073B81B /* Sources */ = {
			isa = PBXSourcesBuildPhase;
			buildActionMask = 2147483647;
			files = (
				7AFE519C2C5912270073B81B /* solarys_codetestTests.swift in Sources */,
			);
			runOnlyForDeploymentPostprocessing = 0;
		};
		7AFE519D2C5912270073B81B /* Sources */ = {
			isa = PBXSourcesBuildPhase;
			buildActionMask = 2147483647;
			files = (
				7AFE51A62C5912270073B81B /* solarys_codetestUITests.swift in Sources */,
				7AFE51A82C5912270073B81B /* solarys_codetestUITestsLaunchTests.swift in Sources */,
			);
			runOnlyForDeploymentPostprocessing = 0;
		};
/* End PBXSourcesBuildPhase section */

/* Begin PBXTargetDependency section */
		7AFE51992C5912270073B81B /* PBXTargetDependency */ = {
			isa = PBXTargetDependency;
			target = 7AFE51862C5912250073B81B /* solarys-codetest */;
			targetProxy = 7AFE51982C5912270073B81B /* PBXContainerItemProxy */;
		};
		7AFE51A32C5912270073B81B /* PBXTargetDependency */ = {
			isa = PBXTargetDependency;
			target = 7AFE51862C5912250073B81B /* solarys-codetest */;
			targetProxy = 7AFE51A22C5912270073B81B /* PBXContainerItemProxy */;
		};
/* End PBXTargetDependency section */

/* Begin XCBuildConfiguration section */
		7AFE51A92C5912270073B81B /* Debug */ = {
			isa = XCBuildConfiguration;
			buildSettings = {
				ALWAYS_SEARCH_USER_PATHS = NO;
				ASSETCATALOG_COMPILER_GENERATE_SWIFT_ASSET_SYMBOL_EXTENSIONS = YES;
				CLANG_ANALYZER_NONNULL = YES;
				CLANG_ANALYZER_NUMBER_OBJECT_CONVERSION = YES_AGGRESSIVE;
				CLANG_CXX_LANGUAGE_STANDARD = "gnu++20";
				CLANG_ENABLE_MODULES = YES;
				CLANG_ENABLE_OBJC_ARC = YES;
				CLANG_ENABLE_OBJC_WEAK = YES;
				CLANG_WARN_BLOCK_CAPTURE_AUTORELEASING = YES;
				CLANG_WARN_BOOL_CONVERSION = YES;
				CLANG_WARN_COMMA = YES;
				CLANG_WARN_CONSTANT_CONVERSION = YES;
				CLANG_WARN_DEPRECATED_OBJC_IMPLEMENTATIONS = YES;
				CLANG_WARN_DIRECT_OBJC_ISA_USAGE = YES_ERROR;
				CLANG_WARN_DOCUMENTATION_COMMENTS = YES;
				CLANG_WARN_EMPTY_BODY = YES;
				CLANG_WARN_ENUM_CONVERSION = YES;
				CLANG_WARN_INFINITE_RECURSION = YES;
				CLANG_WARN_INT_CONVERSION = YES;
				CLANG_WARN_NON_LITERAL_NULL_CONVERSION = YES;
				CLANG_WARN_OBJC_IMPLICIT_RETAIN_SELF = YES;
				CLANG_WARN_OBJC_LITERAL_CONVERSION = YES;
				CLANG_WARN_OBJC_ROOT_CLASS = YES_ERROR;
				CLANG_WARN_QUOTED_INCLUDE_IN_FRAMEWORK_HEADER = YES;
				CLANG_WARN_RANGE_LOOP_ANALYSIS = YES;
				CLANG_WARN_STRICT_PROTOTYPES = YES;
				CLANG_WARN_SUSPICIOUS_MOVE = YES;
				CLANG_WARN_UNGUARDED_AVAILABILITY = YES_AGGRESSIVE;
				CLANG_WARN_UNREACHABLE_CODE = YES;
				CLANG_WARN__DUPLICATE_METHOD_MATCH = YES;
				COPY_PHASE_STRIP = NO;
				DEBUG_INFORMATION_FORMAT = dwarf;
				ENABLE_STRICT_OBJC_MSGSEND = YES;
				ENABLE_TESTABILITY = YES;
				ENABLE_USER_SCRIPT_SANDBOXING = YES;
				GCC_C_LANGUAGE_STANDARD = gnu17;
				GCC_DYNAMIC_NO_PIC = NO;
				GCC_NO_COMMON_BLOCKS = YES;
				GCC_OPTIMIZATION_LEVEL = 0;
				GCC_PREPROCESSOR_DEFINITIONS = (
					"DEBUG=1",
					"$(inherited)",
				);
				GCC_WARN_64_TO_32_BIT_CONVERSION = YES;
				GCC_WARN_ABOUT_RETURN_TYPE = YES_ERROR;
				GCC_WARN_UNDECLARED_SELECTOR = YES;
				GCC_WARN_UNINITIALIZED_AUTOS = YES_AGGRESSIVE;
				GCC_WARN_UNUSED_FUNCTION = YES;
				GCC_WARN_UNUSED_VARIABLE = YES;
				IPHONEOS_DEPLOYMENT_TARGET = 17.2;
				LOCALIZATION_PREFERS_STRING_CATALOGS = YES;
				MTL_ENABLE_DEBUG_INFO = INCLUDE_SOURCE;
				MTL_FAST_MATH = YES;
				ONLY_ACTIVE_ARCH = YES;
				SDKROOT = iphoneos;
				SWIFT_ACTIVE_COMPILATION_CONDITIONS = "DEBUG $(inherited)";
				SWIFT_OPTIMIZATION_LEVEL = "-Onone";
			};
			name = Debug;
		};
		7AFE51AA2C5912270073B81B /* Release */ = {
			isa = XCBuildConfiguration;
			buildSettings = {
				ALWAYS_SEARCH_USER_PATHS = NO;
				ASSETCATALOG_COMPILER_GENERATE_SWIFT_ASSET_SYMBOL_EXTENSIONS = YES;
				CLANG_ANALYZER_NONNULL = YES;
				CLANG_ANALYZER_NUMBER_OBJECT_CONVERSION = YES_AGGRESSIVE;
				CLANG_CXX_LANGUAGE_STANDARD = "gnu++20";
				CLANG_ENABLE_MODULES = YES;
				CLANG_ENABLE_OBJC_ARC = YES;
				CLANG_ENABLE_OBJC_WEAK = YES;
				CLANG_WARN_BLOCK_CAPTURE_AUTORELEASING = YES;
				CLANG_WARN_BOOL_CONVERSION = YES;
				CLANG_WARN_COMMA = YES;
				CLANG_WARN_CONSTANT_CONVERSION = YES;
				CLANG_WARN_DEPRECATED_OBJC_IMPLEMENTATIONS = YES;
				CLANG_WARN_DIRECT_OBJC_ISA_USAGE = YES_ERROR;
				CLANG_WARN_DOCUMENTATION_COMMENTS = YES;
				CLANG_WARN_EMPTY_BODY = YES;
				CLANG_WARN_ENUM_CONVERSION = YES;
				CLANG_WARN_INFINITE_RECURSION = YES;
				CLANG_WARN_INT_CONVERSION = YES;
				CLANG_WARN_NON_LITERAL_NULL_CONVERSION = YES;
				CLANG_WARN_OBJC_IMPLICIT_RETAIN_SELF = YES;
				CLANG_WARN_OBJC_LITERAL_CONVERSION = YES;
				CLANG_WARN_OBJC_ROOT_CLASS = YES_ERROR;
				CLANG_WARN_QUOTED_INCLUDE_IN_FRAMEWORK_HEADER = YES;
				CLANG_WARN_RANGE_LOOP_ANALYSIS = YES;
				CLANG_WARN_STRICT_PROTOTYPES = YES;
				CLANG_WARN_SUSPICIOUS_MOVE = YES;
				CLANG_WARN_UNGUARDED_AVAILABILITY = YES_AGGRESSIVE;
				CLANG_WARN_UNREACHABLE_CODE = YES;
				CLANG_WARN__DUPLICATE_METHOD_MATCH = YES;
				COPY_PHASE_STRIP = NO;
				DEBUG_INFORMATION_FORMAT = "dwarf-with-dsym";
				ENABLE_NS_ASSERTIONS = NO;
				ENABLE_STRICT_OBJC_MSGSEND = YES;
				ENABLE_USER_SCRIPT_SANDBOXING = YES;
				GCC_C_LANGUAGE_STANDARD = gnu17;
				GCC_NO_COMMON_BLOCKS = YES;
				GCC_WARN_64_TO_32_BIT_CONVERSION = YES;
				GCC_WARN_ABOUT_RETURN_TYPE = YES_ERROR;
				GCC_WARN_UNDECLARED_SELECTOR = YES;
				GCC_WARN_UNINITIALIZED_AUTOS = YES_AGGRESSIVE;
				GCC_WARN_UNUSED_FUNCTION = YES;
				GCC_WARN_UNUSED_VARIABLE = YES;
				IPHONEOS_DEPLOYMENT_TARGET = 17.2;
				LOCALIZATION_PREFERS_STRING_CATALOGS = YES;
				MTL_ENABLE_DEBUG_INFO = NO;
				MTL_FAST_MATH = YES;
				SDKROOT = iphoneos;
				SWIFT_COMPILATION_MODE = wholemodule;
				VALIDATE_PRODUCT = YES;
			};
			name = Release;
		};
		7AFE51AC2C5912270073B81B /* Debug */ = {
			isa = XCBuildConfiguration;
			buildSettings = {
				ASSETCATALOG_COMPILER_APPICON_NAME = AppIcon;
				ASSETCATALOG_COMPILER_GLOBAL_ACCENT_COLOR_NAME = AccentColor;
				CODE_SIGN_STYLE = Automatic;
				CURRENT_PROJECT_VERSION = 1;
				DEVELOPMENT_ASSET_PATHS = "\"solarys-codetest/Preview Content\"";
				DEVELOPMENT_TEAM = FZ9J437R93;
				ENABLE_PREVIEWS = YES;
				GENERATE_INFOPLIST_FILE = YES;
				INFOPLIST_FILE = "solarys-codetest/Info.plist";
				INFOPLIST_KEY_UIApplicationSceneManifest_Generation = YES;
				INFOPLIST_KEY_UIApplicationSupportsIndirectInputEvents = YES;
				INFOPLIST_KEY_UILaunchScreen_Generation = YES;
				INFOPLIST_KEY_UISupportedInterfaceOrientations_iPad = "UIInterfaceOrientationPortrait UIInterfaceOrientationPortraitUpsideDown UIInterfaceOrientationLandscapeLeft UIInterfaceOrientationLandscapeRight";
				INFOPLIST_KEY_UISupportedInterfaceOrientations_iPhone = "UIInterfaceOrientationPortrait UIInterfaceOrientationLandscapeLeft UIInterfaceOrientationLandscapeRight";
				LD_RUNPATH_SEARCH_PATHS = (
					"$(inherited)",
					"@executable_path/Frameworks",
				);
				MARKETING_VERSION = 1.0;
				PRODUCT_BUNDLE_IDENTIFIER = "com.manya.solarys-codetest";
				PRODUCT_NAME = "$(TARGET_NAME)";
				SUPPORTED_PLATFORMS = "iphoneos iphonesimulator";
				SUPPORTS_MACCATALYST = NO;
				SUPPORTS_MAC_DESIGNED_FOR_IPHONE_IPAD = NO;
				SUPPORTS_XR_DESIGNED_FOR_IPHONE_IPAD = NO;
				SWIFT_EMIT_LOC_STRINGS = YES;
				SWIFT_VERSION = 5.0;
				TARGETED_DEVICE_FAMILY = "1,2";
			};
			name = Debug;
		};
		7AFE51AD2C5912270073B81B /* Release */ = {
			isa = XCBuildConfiguration;
			buildSettings = {
				ASSETCATALOG_COMPILER_APPICON_NAME = AppIcon;
				ASSETCATALOG_COMPILER_GLOBAL_ACCENT_COLOR_NAME = AccentColor;
				CODE_SIGN_STYLE = Automatic;
				CURRENT_PROJECT_VERSION = 1;
				DEVELOPMENT_ASSET_PATHS = "\"solarys-codetest/Preview Content\"";
				DEVELOPMENT_TEAM = FZ9J437R93;
				ENABLE_PREVIEWS = YES;
				GENERATE_INFOPLIST_FILE = YES;
				INFOPLIST_FILE = "solarys-codetest/Info.plist";
				INFOPLIST_KEY_UIApplicationSceneManifest_Generation = YES;
				INFOPLIST_KEY_UIApplicationSupportsIndirectInputEvents = YES;
				INFOPLIST_KEY_UILaunchScreen_Generation = YES;
				INFOPLIST_KEY_UISupportedInterfaceOrientations_iPad = "UIInterfaceOrientationPortrait UIInterfaceOrientationPortraitUpsideDown UIInterfaceOrientationLandscapeLeft UIInterfaceOrientationLandscapeRight";
				INFOPLIST_KEY_UISupportedInterfaceOrientations_iPhone = "UIInterfaceOrientationPortrait UIInterfaceOrientationLandscapeLeft UIInterfaceOrientationLandscapeRight";
				LD_RUNPATH_SEARCH_PATHS = (
					"$(inherited)",
					"@executable_path/Frameworks",
				);
				MARKETING_VERSION = 1.0;
				PRODUCT_BUNDLE_IDENTIFIER = "com.manya.solarys-codetest";
				PRODUCT_NAME = "$(TARGET_NAME)";
				SUPPORTED_PLATFORMS = "iphoneos iphonesimulator";
				SUPPORTS_MACCATALYST = NO;
				SUPPORTS_MAC_DESIGNED_FOR_IPHONE_IPAD = NO;
				SUPPORTS_XR_DESIGNED_FOR_IPHONE_IPAD = NO;
				SWIFT_EMIT_LOC_STRINGS = YES;
				SWIFT_VERSION = 5.0;
				TARGETED_DEVICE_FAMILY = "1,2";
			};
			name = Release;
		};
		7AFE51AF2C5912270073B81B /* Debug */ = {
			isa = XCBuildConfiguration;
			buildSettings = {
				ALWAYS_EMBED_SWIFT_STANDARD_LIBRARIES = YES;
				BUNDLE_LOADER = "$(TEST_HOST)";
				CODE_SIGN_STYLE = Automatic;
				CURRENT_PROJECT_VERSION = 1;
				DEVELOPMENT_TEAM = FZ9J437R93;
				GENERATE_INFOPLIST_FILE = YES;
				IPHONEOS_DEPLOYMENT_TARGET = 17.2;
				MARKETING_VERSION = 1.0;
				PRODUCT_BUNDLE_IDENTIFIER = "com.manya.solarys-codetestTests";
				PRODUCT_NAME = "$(TARGET_NAME)";
				SWIFT_EMIT_LOC_STRINGS = NO;
				SWIFT_VERSION = 5.0;
				TARGETED_DEVICE_FAMILY = "1,2";
				TEST_HOST = "$(BUILT_PRODUCTS_DIR)/solarys-codetest.app/$(BUNDLE_EXECUTABLE_FOLDER_PATH)/solarys-codetest";
			};
			name = Debug;
		};
		7AFE51B02C5912270073B81B /* Release */ = {
			isa = XCBuildConfiguration;
			buildSettings = {
				ALWAYS_EMBED_SWIFT_STANDARD_LIBRARIES = YES;
				BUNDLE_LOADER = "$(TEST_HOST)";
				CODE_SIGN_STYLE = Automatic;
				CURRENT_PROJECT_VERSION = 1;
				DEVELOPMENT_TEAM = FZ9J437R93;
				GENERATE_INFOPLIST_FILE = YES;
				IPHONEOS_DEPLOYMENT_TARGET = 17.2;
				MARKETING_VERSION = 1.0;
				PRODUCT_BUNDLE_IDENTIFIER = "com.manya.solarys-codetestTests";
				PRODUCT_NAME = "$(TARGET_NAME)";
				SWIFT_EMIT_LOC_STRINGS = NO;
				SWIFT_VERSION = 5.0;
				TARGETED_DEVICE_FAMILY = "1,2";
				TEST_HOST = "$(BUILT_PRODUCTS_DIR)/solarys-codetest.app/$(BUNDLE_EXECUTABLE_FOLDER_PATH)/solarys-codetest";
			};
			name = Release;
		};
		7AFE51B22C5912270073B81B /* Debug */ = {
			isa = XCBuildConfiguration;
			buildSettings = {
				ALWAYS_EMBED_SWIFT_STANDARD_LIBRARIES = YES;
				CODE_SIGN_STYLE = Automatic;
				CURRENT_PROJECT_VERSION = 1;
				DEVELOPMENT_TEAM = FZ9J437R93;
				GENERATE_INFOPLIST_FILE = YES;
				MARKETING_VERSION = 1.0;
				PRODUCT_BUNDLE_IDENTIFIER = "com.manya.solarys-codetestUITests";
				PRODUCT_NAME = "$(TARGET_NAME)";
				SWIFT_EMIT_LOC_STRINGS = NO;
				SWIFT_VERSION = 5.0;
				TARGETED_DEVICE_FAMILY = "1,2";
				TEST_TARGET_NAME = "solarys-codetest";
			};
			name = Debug;
		};
		7AFE51B32C5912270073B81B /* Release */ = {
			isa = XCBuildConfiguration;
			buildSettings = {
				ALWAYS_EMBED_SWIFT_STANDARD_LIBRARIES = YES;
				CODE_SIGN_STYLE = Automatic;
				CURRENT_PROJECT_VERSION = 1;
				DEVELOPMENT_TEAM = FZ9J437R93;
				GENERATE_INFOPLIST_FILE = YES;
				MARKETING_VERSION = 1.0;
				PRODUCT_BUNDLE_IDENTIFIER = "com.manya.solarys-codetestUITests";
				PRODUCT_NAME = "$(TARGET_NAME)";
				SWIFT_EMIT_LOC_STRINGS = NO;
				SWIFT_VERSION = 5.0;
				TARGETED_DEVICE_FAMILY = "1,2";
				TEST_TARGET_NAME = "solarys-codetest";
			};
			name = Release;
		};
/* End XCBuildConfiguration section */

/* Begin XCConfigurationList section */
		7AFE51822C5912250073B81B /* Build configuration list for PBXProject "solarys-codetest" */ = {
			isa = XCConfigurationList;
			buildConfigurations = (
				7AFE51A92C5912270073B81B /* Debug */,
				7AFE51AA2C5912270073B81B /* Release */,
			);
			defaultConfigurationIsVisible = 0;
			defaultConfigurationName = Release;
		};
		7AFE51AB2C5912270073B81B /* Build configuration list for PBXNativeTarget "solarys-codetest" */ = {
			isa = XCConfigurationList;
			buildConfigurations = (
				7AFE51AC2C5912270073B81B /* Debug */,
				7AFE51AD2C5912270073B81B /* Release */,
			);
			defaultConfigurationIsVisible = 0;
			defaultConfigurationName = Release;
		};
		7AFE51AE2C5912270073B81B /* Build configuration list for PBXNativeTarget "solarys-codetestTests" */ = {
			isa = XCConfigurationList;
			buildConfigurations = (
				7AFE51AF2C5912270073B81B /* Debug */,
				7AFE51B02C5912270073B81B /* Release */,
			);
			defaultConfigurationIsVisible = 0;
			defaultConfigurationName = Release;
		};
		7AFE51B12C5912270073B81B /* Build configuration list for PBXNativeTarget "solarys-codetestUITests" */ = {
			isa = XCConfigurationList;
			buildConfigurations = (
				7AFE51B22C5912270073B81B /* Debug */,
				7AFE51B32C5912270073B81B /* Release */,
			);
			defaultConfigurationIsVisible = 0;
			defaultConfigurationName = Release;
		};
/* End XCConfigurationList section */

/* Begin XCRemoteSwiftPackageReference section */
		7AFE51B42C59175E0073B81B /* XCRemoteSwiftPackageReference "Moya" */ = {
			isa = XCRemoteSwiftPackageReference;
			repositoryURL = "https://github.com/Moya/Moya.git";
			requirement = {
				kind = upToNextMajorVersion;
				minimumVersion = 15.0.3;
			};
		};
		7AFE51B52C591A220073B81B /* XCRemoteSwiftPackageReference "realm-swift" */ = {
			isa = XCRemoteSwiftPackageReference;
			repositoryURL = "https://github.com/realm/realm-swift";
			requirement = {
				branch = master;
				kind = branch;
			};
		};
/* End XCRemoteSwiftPackageReference section */

/* Begin XCSwiftPackageProductDependency section */
		7AFE51BC2C5926B90073B81B /* RealmSwift */ = {
			isa = XCSwiftPackageProductDependency;
			package = 7AFE51B52C591A220073B81B /* XCRemoteSwiftPackageReference "realm-swift" */;
			productName = RealmSwift;
		};
		7AFE51C02C5926C70073B81B /* Moya */ = {
			isa = XCSwiftPackageProductDependency;
			package = 7AFE51B42C59175E0073B81B /* XCRemoteSwiftPackageReference "Moya" */;
			productName = Moya;
		};
/* End XCSwiftPackageProductDependency section */
	};
	rootObject = 7AFE517F2C5912250073B81B /* Project object */;
}
